// !$*UTF8*$!
{
	archiveVersion = 1;
	classes = {
	};
	objectVersion = 55;
	objects = {

/* Begin PBXBuildFile section */
		AF20948C291D59D300A6F6CB /* ProyectoIWApp.swift in Sources */ = {isa = PBXBuildFile; fileRef = AF20948B291D59D300A6F6CB /* ProyectoIWApp.swift */; };
		AF20948E291D59D300A6F6CB /* ContentView.swift in Sources */ = {isa = PBXBuildFile; fileRef = AF20948D291D59D300A6F6CB /* ContentView.swift */; };
		AF209490291D59D400A6F6CB /* Assets.xcassets in Resources */ = {isa = PBXBuildFile; fileRef = AF20948F291D59D400A6F6CB /* Assets.xcassets */; };
		AF209493291D59D400A6F6CB /* Preview Assets.xcassets in Resources */ = {isa = PBXBuildFile; fileRef = AF209492291D59D400A6F6CB /* Preview Assets.xcassets */; };
		AFE25642292543DA00DA8E3B /* Usuarios.xcdatamodeld in Sources */ = {isa = PBXBuildFile; fileRef = AFE25640292543DA00DA8E3B /* Usuarios.xcdatamodeld */; };
		AFE25645292545E100DA8E3B /* InformacionUsuariosbase.swift in Sources */ = {isa = PBXBuildFile; fileRef = AFE25644292545E100DA8E3B /* InformacionUsuariosbase.swift */; };
		AFE2564829254BC200DA8E3B /* ListCeldaView.swift in Sources */ = {isa = PBXBuildFile; fileRef = AFE2564729254BC200DA8E3B /* ListCeldaView.swift */; };
/* End PBXBuildFile section */

/* Begin PBXFileReference section */
		AF209488291D59D300A6F6CB /* ProyectoIW.app */ = {isa = PBXFileReference; explicitFileType = wrapper.application; includeInIndex = 0; path = ProyectoIW.app; sourceTree = BUILT_PRODUCTS_DIR; };
		AF20948B291D59D300A6F6CB /* ProyectoIWApp.swift */ = {isa = PBXFileReference; lastKnownFileType = sourcecode.swift; path = ProyectoIWApp.swift; sourceTree = "<group>"; };
		AF20948D291D59D300A6F6CB /* ContentView.swift */ = {isa = PBXFileReference; lastKnownFileType = sourcecode.swift; path = ContentView.swift; sourceTree = "<group>"; };
		AF20948F291D59D400A6F6CB /* Assets.xcassets */ = {isa = PBXFileReference; lastKnownFileType = folder.assetcatalog; path = Assets.xcassets; sourceTree = "<group>"; };
		AF209492291D59D400A6F6CB /* Preview Assets.xcassets */ = {isa = PBXFileReference; lastKnownFileType = folder.assetcatalog; path = "Preview Assets.xcassets"; sourceTree = "<group>"; };
		AFE25641292543DA00DA8E3B /* Usuarios.xcdatamodel */ = {isa = PBXFileReference; lastKnownFileType = wrapper.xcdatamodel; path = Usuarios.xcdatamodel; sourceTree = "<group>"; };
		AFE25644292545E100DA8E3B /* InformacionUsuariosbase.swift */ = {isa = PBXFileReference; lastKnownFileType = sourcecode.swift; path = InformacionUsuariosbase.swift; sourceTree = "<group>"; };
		AFE2564729254BC200DA8E3B /* ListCeldaView.swift */ = {isa = PBXFileReference; lastKnownFileType = sourcecode.swift; path = ListCeldaView.swift; sourceTree = "<group>"; };
/* End PBXFileReference section */

/* Begin PBXFrameworksBuildPhase section */
		AF209485291D59D300A6F6CB /* Frameworks */ = {
			isa = PBXFrameworksBuildPhase;
			buildActionMask = 2147483647;
			files = (
			);
			runOnlyForDeploymentPostprocessing = 0;
		};
/* End PBXFrameworksBuildPhase section */

/* Begin PBXGroup section */
		AF20947F291D59D300A6F6CB = {
			isa = PBXGroup;
			children = (
				AF20948A291D59D300A6F6CB /* ProyectoIW */,
				AF209489291D59D300A6F6CB /* Products */,
			);
			sourceTree = "<group>";
		};
		AF209489291D59D300A6F6CB /* Products */ = {
			isa = PBXGroup;
			children = (
				AF209488291D59D300A6F6CB /* ProyectoIW.app */,
			);
			name = Products;
			sourceTree = "<group>";
		};
		AF20948A291D59D300A6F6CB /* ProyectoIW */ = {
			isa = PBXGroup;
			children = (
				AFE2564629254B8800DA8E3B /* views */,
				AFE25643292545C100DA8E3B /* swiftfile */,
				AF20948B291D59D300A6F6CB /* ProyectoIWApp.swift */,
				AF20948D291D59D300A6F6CB /* ContentView.swift */,
				AF20948F291D59D400A6F6CB /* Assets.xcassets */,
				AF209491291D59D400A6F6CB /* Preview Content */,
				AFE25640292543DA00DA8E3B /* Usuarios.xcdatamodeld */,
			);
			path = ProyectoIW;
			sourceTree = "<group>";
		};
		AF209491291D59D400A6F6CB /* Preview Content */ = {
			isa = PBXGroup;
			children = (
				AF209492291D59D400A6F6CB /* Preview Assets.xcassets */,
			);
			path = "Preview Content";
			sourceTree = "<group>";
		};
		AFE25643292545C100DA8E3B /* swiftfile */ = {
			isa = PBXGroup;
			children = (
				AFE25644292545E100DA8E3B /* InformacionUsuariosbase.swift */,
			);
			path = swiftfile;
			sourceTree = "<group>";
		};
		AFE2564629254B8800DA8E3B /* views */ = {
			isa = PBXGroup;
			children = (
				AFE2564729254BC200DA8E3B /* ListCeldaView.swift */,
			);
			path = views;
			sourceTree = "<group>";
		};
/* End PBXGroup section */

/* Begin PBXNativeTarget section */
		AF209487291D59D300A6F6CB /* ProyectoIW */ = {
			isa = PBXNativeTarget;
			buildConfigurationList = AF209496291D59D400A6F6CB /* Build configuration list for PBXNativeTarget "ProyectoIW" */;
			buildPhases = (
				AF209484291D59D300A6F6CB /* Sources */,
				AF209485291D59D300A6F6CB /* Frameworks */,
				AF209486291D59D300A6F6CB /* Resources */,
			);
			buildRules = (
			);
			dependencies = (
			);
			name = ProyectoIW;
			productName = ProyectoIW;
			productReference = AF209488291D59D300A6F6CB /* ProyectoIW.app */;
			productType = "com.apple.product-type.application";
		};
/* End PBXNativeTarget section */

/* Begin PBXProject section */
		AF209480291D59D300A6F6CB /* Project object */ = {
			isa = PBXProject;
			attributes = {
				BuildIndependentTargetsInParallel = 1;
				LastSwiftUpdateCheck = 1310;
				LastUpgradeCheck = 1310;
				TargetAttributes = {
					AF209487291D59D300A6F6CB = {
						CreatedOnToolsVersion = 13.1;
					};
				};
			};
			buildConfigurationList = AF209483291D59D300A6F6CB /* Build configuration list for PBXProject "ProyectoIW" */;
			compatibilityVersion = "Xcode 13.0";
			developmentRegion = en;
			hasScannedForEncodings = 0;
			knownRegions = (
				en,
				Base,
			);
			mainGroup = AF20947F291D59D300A6F6CB;
			productRefGroup = AF209489291D59D300A6F6CB /* Products */;
			projectDirPath = "";
			projectRoot = "";
			targets = (
				AF209487291D59D300A6F6CB /* ProyectoIW */,
			);
		};
/* End PBXProject section */

/* Begin PBXResourcesBuildPhase section */
		AF209486291D59D300A6F6CB /* Resources */ = {
			isa = PBXResourcesBuildPhase;
			buildActionMask = 2147483647;
			files = (
				AF209493291D59D400A6F6CB /* Preview Assets.xcassets in Resources */,
				AF209490291D59D400A6F6CB /* Assets.xcassets in Resources */,
			);
			runOnlyForDeploymentPostprocessing = 0;
		};
/* End PBXResourcesBuildPhase section */

/* Begin PBXSourcesBuildPhase section */
		AF209484291D59D300A6F6CB /* Sources */ = {
			isa = PBXSourcesBuildPhase;
			buildActionMask = 2147483647;
			files = (
				AFE25642292543DA00DA8E3B /* Usuarios.xcdatamodeld in Sources */,
				AF20948E291D59D300A6F6CB /* ContentView.swift in Sources */,
				AF20948C291D59D300A6F6CB /* ProyectoIWApp.swift in Sources */,
				AFE2564829254BC200DA8E3B /* ListCeldaView.swift in Sources */,
				AFE25645292545E100DA8E3B /* InformacionUsuariosbase.swift in Sources */,
			);
			runOnlyForDeploymentPostprocessing = 0;
		};
/* End PBXSourcesBuildPhase section */

/* Begin XCBuildConfiguration section */
		AF209494291D59D400A6F6CB /* Debug */ = {
			isa = XCBuildConfiguration;
			buildSettings = {
				ALWAYS_SEARCH_USER_PATHS = NO;
				CLANG_ANALYZER_NONNULL = YES;
				CLANG_ANALYZER_NUMBER_OBJECT_CONVERSION = YES_AGGRESSIVE;
				CLANG_CXX_LANGUAGE_STANDARD = "gnu++17";
				CLANG_CXX_LIBRARY = "libc++";
				CLANG_ENABLE_MODULES = YES;
				CLANG_ENABLE_OBJC_ARC = YES;
				CLANG_ENABLE_OBJC_WEAK = YES;
				CLANG_WARN_BLOCK_CAPTURE_AUTORELEASING = YES;
				CLANG_WARN_BOOL_CONVERSION = YES;
				CLANG_WARN_COMMA = YES;
				CLANG_WARN_CONSTANT_CONVERSION = YES;
				CLANG_WARN_DEPRECATED_OBJC_IMPLEMENTATIONS = YES;
				CLANG_WARN_DIRECT_OBJC_ISA_USAGE = YES_ERROR;
				CLANG_WARN_DOCUMENTATION_COMMENTS = YES;
				CLANG_WARN_EMPTY_BODY = YES;
				CLANG_WARN_ENUM_CONVERSION = YES;
				CLANG_WARN_INFINITE_RECURSION = YES;
				CLANG_WARN_INT_CONVERSION = YES;
				CLANG_WARN_NON_LITERAL_NULL_CONVERSION = YES;
				CLANG_WARN_OBJC_IMPLICIT_RETAIN_SELF = YES;
				CLANG_WARN_OBJC_LITERAL_CONVERSION = YES;
				CLANG_WARN_OBJC_ROOT_CLASS = YES_ERROR;
				CLANG_WARN_QUOTED_INCLUDE_IN_FRAMEWORK_HEADER = YES;
				CLANG_WARN_RANGE_LOOP_ANALYSIS = YES;
				CLANG_WARN_STRICT_PROTOTYPES = YES;
				CLANG_WARN_SUSPICIOUS_MOVE = YES;
				CLANG_WARN_UNGUARDED_AVAILABILITY = YES_AGGRESSIVE;
				CLANG_WARN_UNREACHABLE_CODE = YES;
				CLANG_WARN__DUPLICATE_METHOD_MATCH = YES;
				COPY_PHASE_STRIP = NO;
				DEBUG_INFORMATION_FORMAT = dwarf;
				ENABLE_STRICT_OBJC_MSGSEND = YES;
				ENABLE_TESTABILITY = YES;
				GCC_C_LANGUAGE_STANDARD = gnu11;
				GCC_DYNAMIC_NO_PIC = NO;
				GCC_NO_COMMON_BLOCKS = YES;
				GCC_OPTIMIZATION_LEVEL = 0;
				GCC_PREPROCESSOR_DEFINITIONS = (
					"DEBUG=1",
					"$(inherited)",
				);
				GCC_WARN_64_TO_32_BIT_CONVERSION = YES;
				GCC_WARN_ABOUT_RETURN_TYPE = YES_ERROR;
				GCC_WARN_UNDECLARED_SELECTOR = YES;
				GCC_WARN_UNINITIALIZED_AUTOS = YES_AGGRESSIVE;
				GCC_WARN_UNUSED_FUNCTION = YES;
				GCC_WARN_UNUSED_VARIABLE = YES;
				IPHONEOS_DEPLOYMENT_TARGET = 15.0;
				MTL_ENABLE_DEBUG_INFO = INCLUDE_SOURCE;
				MTL_FAST_MATH = YES;
				ONLY_ACTIVE_ARCH = YES;
				SDKROOT = iphoneos;
				SWIFT_ACTIVE_COMPILATION_CONDITIONS = DEBUG;
				SWIFT_OPTIMIZATION_LEVEL = "-Onone";
			};
			name = Debug;
		};
		AF209495291D59D400A6F6CB /* Release */ = {
			isa = XCBuildConfiguration;
			buildSettings = {
				ALWAYS_SEARCH_USER_PATHS = NO;
				CLANG_ANALYZER_NONNULL = YES;
				CLANG_ANALYZER_NUMBER_OBJECT_CONVERSION = YES_AGGRESSIVE;
				CLANG_CXX_LANGUAGE_STANDARD = "gnu++17";
				CLANG_CXX_LIBRARY = "libc++";
				CLANG_ENABLE_MODULES = YES;
				CLANG_ENABLE_OBJC_ARC = YES;
				CLANG_ENABLE_OBJC_WEAK = YES;
				CLANG_WARN_BLOCK_CAPTURE_AUTORELEASING = YES;
				CLANG_WARN_BOOL_CONVERSION = YES;
				CLANG_WARN_COMMA = YES;
				CLANG_WARN_CONSTANT_CONVERSION = YES;
				CLANG_WARN_DEPRECATED_OBJC_IMPLEMENTATIONS = YES;
				CLANG_WARN_DIRECT_OBJC_ISA_USAGE = YES_ERROR;
				CLANG_WARN_DOCUMENTATION_COMMENTS = YES;
				CLANG_WARN_EMPTY_BODY = YES;
				CLANG_WARN_ENUM_CONVERSION = YES;
				CLANG_WARN_INFINITE_RECURSION = YES;
				CLANG_WARN_INT_CONVERSION = YES;
				CLANG_WARN_NON_LITERAL_NULL_CONVERSION = YES;
				CLANG_WARN_OBJC_IMPLICIT_RETAIN_SELF = YES;
				CLANG_WARN_OBJC_LITERAL_CONVERSION = YES;
				CLANG_WARN_OBJC_ROOT_CLASS = YES_ERROR;
				CLANG_WARN_QUOTED_INCLUDE_IN_FRAMEWORK_HEADER = YES;
				CLANG_WARN_RANGE_LOOP_ANALYSIS = YES;
				CLANG_WARN_STRICT_PROTOTYPES = YES;
				CLANG_WARN_SUSPICIOUS_MOVE = YES;
				CLANG_WARN_UNGUARDED_AVAILABILITY = YES_AGGRESSIVE;
				CLANG_WARN_UNREACHABLE_CODE = YES;
				CLANG_WARN__DUPLICATE_METHOD_MATCH = YES;
				COPY_PHASE_STRIP = NO;
				DEBUG_INFORMATION_FORMAT = "dwarf-with-dsym";
				ENABLE_NS_ASSERTIONS = NO;
				ENABLE_STRICT_OBJC_MSGSEND = YES;
				GCC_C_LANGUAGE_STANDARD = gnu11;
				GCC_NO_COMMON_BLOCKS = YES;
				GCC_WARN_64_TO_32_BIT_CONVERSION = YES;
				GCC_WARN_ABOUT_RETURN_TYPE = YES_ERROR;
				GCC_WARN_UNDECLARED_SELECTOR = YES;
				GCC_WARN_UNINITIALIZED_AUTOS = YES_AGGRESSIVE;
				GCC_WARN_UNUSED_FUNCTION = YES;
				GCC_WARN_UNUSED_VARIABLE = YES;
				IPHONEOS_DEPLOYMENT_TARGET = 15.0;
				MTL_ENABLE_DEBUG_INFO = NO;
				MTL_FAST_MATH = YES;
				SDKROOT = iphoneos;
				SWIFT_COMPILATION_MODE = wholemodule;
				SWIFT_OPTIMIZATION_LEVEL = "-O";
				VALIDATE_PRODUCT = YES;
			};
			name = Release;
		};
		AF209497291D59D400A6F6CB /* Debug */ = {
			isa = XCBuildConfiguration;
			buildSettings = {
				ASSETCATALOG_COMPILER_APPICON_NAME = AppIcon;
				ASSETCATALOG_COMPILER_GLOBAL_ACCENT_COLOR_NAME = AccentColor;
				CODE_SIGN_STYLE = Automatic;
				CURRENT_PROJECT_VERSION = 1;
				DEVELOPMENT_ASSET_PATHS = "\"ProyectoIW/Preview Content\"";
				ENABLE_PREVIEWS = YES;
				GENERATE_INFOPLIST_FILE = YES;
				INFOPLIST_KEY_UIApplicationSceneManifest_Generation = YES;
				INFOPLIST_KEY_UIApplicationSupportsIndirectInputEvents = YES;
				INFOPLIST_KEY_UILaunchScreen_Generation = YES;
				INFOPLIST_KEY_UISupportedInterfaceOrientations_iPad = "UIInterfaceOrientationPortrait UIInterfaceOrientationPortraitUpsideDown UIInterfaceOrientationLandscapeLeft UIInterfaceOrientationLandscapeRight";
				INFOPLIST_KEY_UISupportedInterfaceOrientations_iPhone = "UIInterfaceOrientationPortrait UIInterfaceOrientationLandscapeLeft UIInterfaceOrientationLandscapeRight";
				LD_RUNPATH_SEARCH_PATHS = (
					"$(inherited)",
					"@executable_path/Frameworks",
				);
				MARKETING_VERSION = 1.0;
				PRODUCT_BUNDLE_IDENTIFIER = itc.ing.web.GGJE.ProyectoIW;
				PRODUCT_NAME = "$(TARGET_NAME)";
				SWIFT_EMIT_LOC_STRINGS = YES;
				SWIFT_VERSION = 5.0;
				TARGETED_DEVICE_FAMILY = "1,2";
			};
			name = Debug;
		};
		AF209498291D59D400A6F6CB /* Release */ = {
			isa = XCBuildConfiguration;
			buildSettings = {
				ASSETCATALOG_COMPILER_APPICON_NAME = AppIcon;
				ASSETCATALOG_COMPILER_GLOBAL_ACCENT_COLOR_NAME = AccentColor;
				CODE_SIGN_STYLE = Automatic;
				CURRENT_PROJECT_VERSION = 1;
				DEVELOPMENT_ASSET_PATHS = "\"ProyectoIW/Preview Content\"";
				ENABLE_PREVIEWS = YES;
				GENERATE_INFOPLIST_FILE = YES;
				INFOPLIST_KEY_UIApplicationSceneManifest_Generation = YES;
				INFOPLIST_KEY_UIApplicationSupportsIndirectInputEvents = YES;
				INFOPLIST_KEY_UILaunchScreen_Generation = YES;
				INFOPLIST_KEY_UISupportedInterfaceOrientations_iPad = "UIInterfaceOrientationPortrait UIInterfaceOrientationPortraitUpsideDown UIInterfaceOrientationLandscapeLeft UIInterfaceOrientationLandscapeRight";
				INFOPLIST_KEY_UISupportedInterfaceOrientations_iPhone = "UIInterfaceOrientationPortrait UIInterfaceOrientationLandscapeLeft UIInterfaceOrientationLandscapeRight";
				LD_RUNPATH_SEARCH_PATHS = (
					"$(inherited)",
					"@executable_path/Frameworks",
				);
				MARKETING_VERSION = 1.0;
				PRODUCT_BUNDLE_IDENTIFIER = itc.ing.web.GGJE.ProyectoIW;
				PRODUCT_NAME = "$(TARGET_NAME)";
				SWIFT_EMIT_LOC_STRINGS = YES;
				SWIFT_VERSION = 5.0;
				TARGETED_DEVICE_FAMILY = "1,2";
			};
			name = Release;
		};
/* End XCBuildConfiguration section */

/* Begin XCConfigurationList section */
		AF209483291D59D300A6F6CB /* Build configuration list for PBXProject "ProyectoIW" */ = {
			isa = XCConfigurationList;
			buildConfigurations = (
				AF209494291D59D400A6F6CB /* Debug */,
				AF209495291D59D400A6F6CB /* Release */,
			);
			defaultConfigurationIsVisible = 0;
			defaultConfigurationName = Release;
		};
		AF209496291D59D400A6F6CB /* Build configuration list for PBXNativeTarget "ProyectoIW" */ = {
			isa = XCConfigurationList;
			buildConfigurations = (
				AF209497291D59D400A6F6CB /* Debug */,
				AF209498291D59D400A6F6CB /* Release */,
			);
			defaultConfigurationIsVisible = 0;
			defaultConfigurationName = Release;
		};
/* End XCConfigurationList section */

/* Begin XCVersionGroup section */
		AFE25640292543DA00DA8E3B /* Usuarios.xcdatamodeld */ = {
			isa = XCVersionGroup;
			children = (
				AFE25641292543DA00DA8E3B /* Usuarios.xcdatamodel */,
			);
			currentVersion = AFE25641292543DA00DA8E3B /* Usuarios.xcdatamodel */;
			path = Usuarios.xcdatamodeld;
			sourceTree = "<group>";
			versionGroupType = wrapper.xcdatamodel;
		};
/* End XCVersionGroup section */
	};
	rootObject = AF209480291D59D300A6F6CB /* Project object */;
}
